<?xml version="1.0" encoding="utf-8"?>
<Project ToolsVersion="4.0" xmlns="http://schemas.microsoft.com/developer/msbuild/2003">
  <ItemGroup>
    <Filter Include="Source Files">
      <UniqueIdentifier>{4FC737F1-C7A5-4376-A066-2A32D752A2FF}</UniqueIdentifier>
      <Extensions>cpp;c;cc;cxx;def;odl;idl;hpj;bat;asm;asmx</Extensions>
    </Filter>
    <Filter Include="Header Files">
      <UniqueIdentifier>{93995380-89BD-4b04-88EB-625FBE52EBFB}</UniqueIdentifier>
      <Extensions>h;hh;hpp;hxx;hm;inl;inc;xsd</Extensions>
    </Filter>
    <Filter Include="Resource Files">
      <UniqueIdentifier>{67DA6AB6-F800-4c08-8B7A-83BB121AAD01}</UniqueIdentifier>
      <Extensions>rc;ico;cur;bmp;dlg;rc2;rct;bin;rgs;gif;jpg;jpeg;jpe;resx;tiff;tif;png;wav;mfcribbon-ms</Extensions>
    </Filter>
    <Filter Include="Header Files\_MSC_VER">
      <UniqueIdentifier>{f8340eff-4674-4d53-ac72-ae784aa774a1}</UniqueIdentifier>
    </Filter>
    <Filter Include="Header Files\BIOS">
      <UniqueIdentifier>{2b278f38-8229-4460-a0fe-d257975052a5}</UniqueIdentifier>
    </Filter>
    <Filter Include="Source Files\BIOS">
      <UniqueIdentifier>{520c176e-6a0d-4c43-8d17-e7ba997a3b18}</UniqueIdentifier>
    </Filter>
    <Filter Include="Header Files\AJ2">
      <UniqueIdentifier>{e8abd019-8ee4-4532-94d1-dac4afd1399d}</UniqueIdentifier>
    </Filter>
    <Filter Include="Source Files\AJ2">
      <UniqueIdentifier>{b0f6c108-9a8a-446e-b07b-fac49be49c91}</UniqueIdentifier>
    </Filter>
  </ItemGroup>
  <ItemGroup>
    <ClInclude Include="..\..\src\_MSC_VER\config.h">
      <Filter>Header Files\_MSC_VER</Filter>
    </ClInclude>
    <ClInclude Include="..\..\src\blitter.h">
      <Filter>Header Files</Filter>
    </ClInclude>
    <ClInclude Include="..\..\src\cdintf.h">
      <Filter>Header Files</Filter>
    </ClInclude>
    <ClInclude Include="..\..\src\dsp.h">
      <Filter>Header Files</Filter>
    </ClInclude>
    <ClInclude Include="..\..\src\jaguar.h">
      <Filter>Header Files</Filter>
    </ClInclude>
    <ClInclude Include="..\..\src\tom.h">
      <Filter>Header Files</Filter>
    </ClInclude>
    <ClInclude Include="..\..\src\mmu.h">
      <Filter>Header Files</Filter>
    </ClInclude>
    <ClInclude Include="..\..\src\cdrom.h">
      <Filter>Header Files</Filter>
    </ClInclude>
    <ClInclude Include="..\..\src\dac.h">
      <Filter>Header Files</Filter>
    </ClInclude>
    <ClInclude Include="..\..\src\eeprom.h">
      <Filter>Header Files</Filter>
    </ClInclude>
    <ClInclude Include="..\..\src\filedb.h">
      <Filter>Header Files</Filter>
    </ClInclude>
    <ClInclude Include="..\..\src\event.h">
      <Filter>Header Files</Filter>
    </ClInclude>
    <ClInclude Include="..\..\src\gpu.h">
      <Filter>Header Files</Filter>
    </ClInclude>
    <ClInclude Include="..\..\src\jagdasm.h">
      <Filter>Header Files</Filter>
    </ClInclude>
    <ClInclude Include="..\..\src\jerry.h">
      <Filter>Header Files</Filter>
    </ClInclude>
    <ClInclude Include="..\..\src\joystick.h">
      <Filter>Header Files</Filter>
    </ClInclude>
    <ClInclude Include="..\..\src\memory.h">
      <Filter>Header Files</Filter>
    </ClInclude>
    <ClInclude Include="..\..\src\memtrack.h">
      <Filter>Header Files</Filter>
    </ClInclude>
    <ClInclude Include="..\..\src\op.h">
      <Filter>Header Files</Filter>
    </ClInclude>
    <ClInclude Include="..\..\src\state.h">
      <Filter>Header Files</Filter>
    </ClInclude>
    <ClInclude Include="..\..\src\universalhdr.h">
      <Filter>Header Files</Filter>
    </ClInclude>
    <ClInclude Include="..\..\src\wavetable.h">
      <Filter>Header Files</Filter>
    </ClInclude>
    <ClInclude Include="..\..\src\modelsBIOS.h">
      <Filter>Header Files</Filter>
    </ClInclude>
    <ClInclude Include="..\..\src\jagstub1bios.h">
      <Filter>Header Files\BIOS</Filter>
    </ClInclude>
    <ClInclude Include="..\..\src\jagdevcdbios.h">
      <Filter>Header Files\BIOS</Filter>
    </ClInclude>
    <ClInclude Include="..\..\src\jagcdbios.h">
      <Filter>Header Files\BIOS</Filter>
    </ClInclude>
    <ClInclude Include="..\..\src\jagbios2.h">
      <Filter>Header Files\BIOS</Filter>
    </ClInclude>
    <ClInclude Include="..\..\src\jagbios.h">
      <Filter>Header Files\BIOS</Filter>
    </ClInclude>
    <ClInclude Include="..\..\src\jagstub2bios.h">
      <Filter>Header Files\BIOS</Filter>
    </ClInclude>
    <ClInclude Include="..\..\src\AJ2\blitter.h">
      <Filter>Header Files\AJ2</Filter>
    </ClInclude>
  </ItemGroup>
  <ItemGroup>
    <ClCompile Include="..\..\src\blitter.cpp">
      <Filter>Source Files</Filter>
    </ClCompile>
    <ClCompile Include="..\..\src\cdintf.cpp">
      <Filter>Source Files</Filter>
    </ClCompile>
    <ClCompile Include="..\..\src\cdrom.cpp">
      <Filter>Source Files</Filter>
    </ClCompile>
    <ClCompile Include="..\..\src\dac.cpp">
      <Filter>Source Files</Filter>
    </ClCompile>
    <ClCompile Include="..\..\src\dsp.cpp">
      <Filter>Source Files</Filter>
    </ClCompile>
    <ClCompile Include="..\..\src\eeprom.cpp">
      <Filter>Source Files</Filter>
    </ClCompile>
    <ClCompile Include="..\..\src\event.cpp">
      <Filter>Source Files</Filter>
    </ClCompile>
    <ClCompile Include="..\..\src\filedb.cpp">
      <Filter>Source Files</Filter>
    </ClCompile>
    <ClCompile Include="..\..\src\gpu.cpp">
      <Filter>Source Files</Filter>
    </ClCompile>
    <ClCompile Include="..\..\src\jagdasm.cpp">
      <Filter>Source Files</Filter>
    </ClCompile>
    <ClCompile Include="..\..\src\jaguar.cpp">
      <Filter>Source Files</Filter>
    </ClCompile>
    <ClCompile Include="..\..\src\jerry.cpp">
      <Filter>Source Files</Filter>
    </ClCompile>
    <ClCompile Include="..\..\src\joystick.cpp">
      <Filter>Source Files</Filter>
    </ClCompile>
    <ClCompile Include="..\..\src\memory.cpp">
      <Filter>Source Files</Filter>
    </ClCompile>
    <ClCompile Include="..\..\src\memtrack.cpp">
      <Filter>Source Files</Filter>
    </ClCompile>
    <ClCompile Include="..\..\src\mmu.cpp">
      <Filter>Source Files</Filter>
    </ClCompile>
    <ClCompile Include="..\..\src\op.cpp">
      <Filter>Source Files</Filter>
    </ClCompile>
    <ClCompile Include="..\..\src\state.cpp">
      <Filter>Source Files</Filter>
    </ClCompile>
    <ClCompile Include="..\..\src\tom.cpp">
      <Filter>Source Files</Filter>
    </ClCompile>
    <ClCompile Include="..\..\src\universalhdr.cpp">
      <Filter>Source Files</Filter>
    </ClCompile>
    <ClCompile Include="..\..\src\wavetable.cpp">
      <Filter>Source Files</Filter>
    </ClCompile>
    <ClCompile Include="..\..\src\modelsBIOS.cpp">
      <Filter>Source Files</Filter>
    </ClCompile>
    <ClCompile Include="..\..\src\jagstub2bios.cpp">
      <Filter>Source Files\BIOS</Filter>
    </ClCompile>
    <ClCompile Include="..\..\src\jagstub1bios.cpp">
      <Filter>Source Files\BIOS</Filter>
    </ClCompile>
    <ClCompile Include="..\..\src\jagdevcdbios.cpp">
      <Filter>Source Files\BIOS</Filter>
    </ClCompile>
    <ClCompile Include="..\..\src\jagcdbios.cpp">
      <Filter>Source Files\BIOS</Filter>
    </ClCompile>
    <ClCompile Include="..\..\src\jagbios2.cpp">
      <Filter>Source Files\BIOS</Filter>
    </ClCompile>
    <ClCompile Include="..\..\src\jagbios.cpp">
      <Filter>Source Files\BIOS</Filter>
    </ClCompile>
    <ClCompile Include="..\..\src\AJ2\blitter.cpp">
      <Filter>Source Files\AJ2</Filter>
    </ClCompile>
  </ItemGroup>
</Project>